
Microsoft Visual Studio Solution File, Format Version 12.00
# Visual Studio Version 17
VisualStudioVersion = 17.13.35818.85 d17.13
MinimumVisualStudioVersion = 10.0.40219.1
Project("{8BC9CEB8-8B4A-11D0-8D11-00A0C91BC942}") = "D11Engine", "D11Engine.vcxproj", "{010C14B1-9EFC-44D1-9E63-8B99B8F26BE2}"
EndProject
Global
	GlobalSection(SolutionConfigurationPlatforms) = preSolution
		Debug|x64 = Debug|x64
		Debug|x86 = Debug|x86
		Release|x64 = Release|x64
		Release|x86 = Release|x86
	EndGlobalSection
	GlobalSection(ProjectConfigurationPlatforms) = postSolution
		{010C14B1-9EFC-44D1-9E63-8B99B8F26BE2}.Debug|x64.ActiveCfg = Debug|x64
		{010C14B1-9EFC-44D1-9E63-8B99B8F26BE2}.Debug|x64.Build.0 = Debug|x64
		{010C14B1-9EFC-44D1-9E63-8B99B8F26BE2}.Debug|x86.ActiveCfg = Debug|Win32
		{010C14B1-9EFC-44D1-9E63-8B99B8F26BE2}.Debug|x86.Build.0 = Debug|Win32
		{010C14B1-9EFC-44D1-9E63-8B99B8F26BE2}.Release|x64.ActiveCfg = Release|x64
		{010C14B1-9EFC-44D1-9E63-8B99B8F26BE2}.Release|x64.Build.0 = Release|x64
		{010C14B1-9EFC-44D1-9E63-8B99B8F26BE2}.Release|x86.ActiveCfg = Release|Win32
		{010C14B1-9EFC-44D1-9E63-8B99B8F26BE2}.Release|x86.Build.0 = Release|Win32
	EndGlobalSection
	GlobalSection(SolutionProperties) = preSolution
		HideSolutionNode = FALSE
	EndGlobalSection
	GlobalSection(ExtensibilityGlobals) = postSolution
		SolutionGuid = {03FEA5D1-9A5E-4A90-B558-700E169B38D1}
	EndGlobalSection
EndGlobal
